<?xml version="1.0" encoding="utf-8"?>
<Project ToolsVersion="4.0" xmlns="http://schemas.microsoft.com/developer/msbuild/2003">
  <ItemGroup>
    <Filter Include="Source Files">
      <UniqueIdentifier>{4FC737F1-C7A5-4376-A066-2A32D752A2FF}</UniqueIdentifier>
      <Extensions>cpp;c;cc;cxx;def;odl;idl;hpj;bat;asm;asmx</Extensions>
    </Filter>
    <Filter Include="Header Files">
      <UniqueIdentifier>{93995380-89BD-4b04-88EB-625FBE52EBFB}</UniqueIdentifier>
      <Extensions>h;hh;hpp;hxx;hm;inl;inc;xsd</Extensions>
    </Filter>
    <Filter Include="Resource Files">
      <UniqueIdentifier>{67DA6AB6-F800-4c08-8B7A-83BB121AAD01}</UniqueIdentifier>
      <Extensions>rc;ico;cur;bmp;dlg;rc2;rct;bin;rgs;gif;jpg;jpeg;jpe;resx;tiff;tif;png;wav;mfcribbon-ms</Extensions>
    </Filter>
    <Filter Include="Header Files\Screens">
      <UniqueIdentifier>{cfad8327-0017-46ba-b78b-cba235ef8f59}</UniqueIdentifier>
    </Filter>
    <Filter Include="Source Files\Screens">
      <UniqueIdentifier>{285417eb-fcae-4880-ac2b-192c73e2b5f2}</UniqueIdentifier>
    </Filter>
    <Filter Include="Header Files\Screens\GameScreenStuff">
      <UniqueIdentifier>{7e4c4bc6-0f70-42d8-ab8a-d2fdef073f77}</UniqueIdentifier>
    </Filter>
    <Filter Include="Source Files\Screens\GameScreenStuff">
      <UniqueIdentifier>{0285ccdb-5ef2-4806-bb24-afe19f08d2d4}</UniqueIdentifier>
    </Filter>
    <Filter Include="Source Files\Screens\GameScreenStuff\States">
      <UniqueIdentifier>{5e2ba052-8933-4b76-93bd-47504bfd5d3c}</UniqueIdentifier>
    </Filter>
  </ItemGroup>
  <ItemGroup>
    <ClCompile Include="main.cpp">
      <Filter>Source Files</Filter>
    </ClCompile>
    <ClCompile Include="Application.cpp">
      <Filter>Source Files</Filter>
    </ClCompile>
    <ClCompile Include="Globals.cpp">
      <Filter>Source Files</Filter>
    </ClCompile>
    <ClCompile Include="GameScreen.cpp">
      <Filter>Source Files\Screens</Filter>
    </ClCompile>
    <ClCompile Include="MainMenuScreen.cpp">
      <Filter>Source Files\Screens</Filter>
    </ClCompile>
    <ClCompile Include="State.cpp">
      <Filter>Source Files\Screens\GameScreenStuff</Filter>
    </ClCompile>
    <ClCompile Include="GameWorld.cpp">
      <Filter>Source Files\Screens\GameScreenStuff</Filter>
    </ClCompile>
    <ClCompile Include="PlayingState.cpp">
      <Filter>Source Files\Screens\GameScreenStuff\States</Filter>
    </ClCompile>
    <ClCompile Include="JustFailedState.cpp">
      <Filter>Source Files\Screens\GameScreenStuff\States</Filter>
    </ClCompile>
    <ClCompile Include="PausedState.cpp">
      <Filter>Source Files\Screens\GameScreenStuff\States</Filter>
    </ClCompile>
    <ClCompile Include="FailedState.cpp">
      <Filter>Source Files\Screens\GameScreenStuff\States</Filter>
    </ClCompile>
    <ClCompile Include="ObstaclesManager.cpp">
      <Filter>Source Files\Screens\GameScreenStuff</Filter>
    </ClCompile>
    <ClCompile Include="Obstacle.cpp">
      <Filter>Source Files\Screens\GameScreenStuff</Filter>
    </ClCompile>
    <ClCompile Include="RangeMapper.cpp">
      <Filter>Source Files\Screens\GameScreenStuff</Filter>
    </ClCompile>
  </ItemGroup>
  <ItemGroup>
    <ClInclude Include="Screen.hpp">
      <Filter>Header Files</Filter>
    </ClInclude>
    <ClInclude Include="Application.hpp">
      <Filter>Header Files</Filter>
    </ClInclude>
    <ClInclude Include="MainMenuScreen.hpp">
      <Filter>Header Files\Screens</Filter>
    </ClInclude>
    <ClInclude Include="GameScreen.hpp">
      <Filter>Header Files\Screens</Filter>
    </ClInclude>
    <ClInclude Include="Ui.h">
      <Filter>Header Files</Filter>
    </ClInclude>
    <ClInclude Include="Globals.hpp">
      <Filter>Header Files\Screens</Filter>
    </ClInclude>
    <ClInclude Include="Box2dConverter.hpp">
      <Filter>Header Files</Filter>
    </ClInclude>
    <ClInclude Include="GameWorld.h">
      <Filter>Header Files\Screens\GameScreenStuff</Filter>
    </ClInclude>
    <ClInclude Include="ObstaclesManager.hpp">
      <Filter>Header Files\Screens\GameScreenStuff</Filter>
    </ClInclude>
    <ClInclude Include="Obstacle.hpp">
      <Filter>Header Files\Screens\GameScreenStuff</Filter>
    </ClInclude>
    <ClInclude Include="RangeMapper.hpp">
      <Filter>Header Files\Screens\GameScreenStuff</Filter>
    </ClInclude>
    <ClInclude Include="Utils.hpp">
      <Filter>Header Files</Filter>
    </ClInclude>
  </ItemGroup>
</Project>